
Microsoft Visual Studio Solution File, Format Version 12.00
# Visual Studio Version 16
VisualStudioVersion = 25.0.1706.3
MinimumVisualStudioVersion = 10.0.40219.1
Project("{FAE04EC0-301F-11D3-BF4B-00C04F79EFBC}") = "Spreadsheet", "Spreadsheet.csproj", "{F6F09221-8EF1-4F9F-A061-1ED7A2A51A58}"
EndProject
Project("{FAE04EC0-301F-11D3-BF4B-00C04F79EFBC}") = "Formula", "..\Formula\Formula.csproj", "{84DB9205-7937-4420-86D7-B4D0963C3896}"
EndProject
Project("{FAE04EC0-301F-11D3-BF4B-00C04F79EFBC}") = "DependencyGraph", "..\DependencyGraph\DependencyGraph.csproj", "{49BA21AF-AE66-481A-8971-3A7F5F283304}"
EndProject
Project("{FAE04EC0-301F-11D3-BF4B-00C04F79EFBC}") = "SpreadsheetTest", "..\SpreadsheetTest\SpreadsheetTest.csproj", "{9E3BB1CD-49DD-462F-88B4-D2DCBBF600FC}"
EndProject
Global
	GlobalSection(SolutionConfigurationPlatforms) = preSolution
		Debug|Any CPU = Debug|Any CPU
		Release|Any CPU = Release|Any CPU
	EndGlobalSection
	GlobalSection(ProjectConfigurationPlatforms) = postSolution
		{F6F09221-8EF1-4F9F-A061-1ED7A2A51A58}.Debug|Any CPU.ActiveCfg = Debug|Any CPU
		{F6F09221-8EF1-4F9F-A061-1ED7A2A51A58}.Debug|Any CPU.Build.0 = Debug|Any CPU
		{F6F09221-8EF1-4F9F-A061-1ED7A2A51A58}.Release|Any CPU.ActiveCfg = Release|Any CPU
		{F6F09221-8EF1-4F9F-A061-1ED7A2A51A58}.Release|Any CPU.Build.0 = Release|Any CPU
		{84DB9205-7937-4420-86D7-B4D0963C3896}.Debug|Any CPU.ActiveCfg = Debug|Any CPU
		{84DB9205-7937-4420-86D7-B4D0963C3896}.Debug|Any CPU.Build.0 = Debug|Any CPU
		{84DB9205-7937-4420-86D7-B4D0963C3896}.Release|Any CPU.ActiveCfg = Release|Any CPU
		{84DB9205-7937-4420-86D7-B4D0963C3896}.Release|Any CPU.Build.0 = Release|Any CPU
		{49BA21AF-AE66-481A-8971-3A7F5F283304}.Debug|Any CPU.ActiveCfg = Debug|Any CPU
		{49BA21AF-AE66-481A-8971-3A7F5F283304}.Debug|Any CPU.Build.0 = Debug|Any CPU
		{49BA21AF-AE66-481A-8971-3A7F5F283304}.Release|Any CPU.ActiveCfg = Release|Any CPU
		{49BA21AF-AE66-481A-8971-3A7F5F283304}.Release|Any CPU.Build.0 = Release|Any CPU
		{9E3BB1CD-49DD-462F-88B4-D2DCBBF600FC}.Debug|Any CPU.ActiveCfg = Debug|Any CPU
		{9E3BB1CD-49DD-462F-88B4-D2DCBBF600FC}.Debug|Any CPU.Build.0 = Debug|Any CPU
		{9E3BB1CD-49DD-462F-88B4-D2DCBBF600FC}.Release|Any CPU.ActiveCfg = Release|Any CPU
		{9E3BB1CD-49DD-462F-88B4-D2DCBBF600FC}.Release|Any CPU.Build.0 = Release|Any CPU
	EndGlobalSection
	GlobalSection(SolutionProperties) = preSolution
		HideSolutionNode = FALSE
	EndGlobalSection
	GlobalSection(ExtensibilityGlobals) = postSolution
		SolutionGuid = {35F86930-69AF-4663-9981-6571DF2B7F69}
	EndGlobalSection
EndGlobal
